
Microsoft Visual Studio Solution File, Format Version 12.00
# Visual Studio Version 17
VisualStudioVersion = 17.4.33122.133
MinimumVisualStudioVersion = 10.0.40219.1
Project("{2150E333-8FDC-42A3-9474-1A3956D46DE8}") = "day1", "day1", "{02D0A037-B0ED-41E6-8A9A-FF060A18EAB3}"
EndProject
Project("{9A19103F-16F7-4668-BE54-9A1E7A4F7556}") = "day01-1", "day1\day01-1\day01-1.csproj", "{772184C9-F747-4CA6-9355-73D96F75B1F5}"
EndProject
Project("{9A19103F-16F7-4668-BE54-9A1E7A4F7556}") = "day01-2", "day1\day01-2\day01-2.csproj", "{0FF185C7-5AF3-4483-8C7A-DD1C7833C623}"
EndProject
Project("{2150E333-8FDC-42A3-9474-1A3956D46DE8}") = "day2", "day2", "{7D60CDEE-7528-4292-ABC4-462FE2B36483}"
EndProject
Project("{9A19103F-16F7-4668-BE54-9A1E7A4F7556}") = "day02-1", "day2\day02-1\day02-1.csproj", "{E7BD0569-266E-4933-A3DC-ED40CA4F19B3}"
EndProject
Project("{9A19103F-16F7-4668-BE54-9A1E7A4F7556}") = "day02-2", "day2\day02-2\day02-2.csproj", "{9F81F8C8-C835-4A01-BB9E-BA84D98FF4EB}"
EndProject
Project("{2150E333-8FDC-42A3-9474-1A3956D46DE8}") = "day3", "day3", "{E46F3DB4-FDC8-46AE-8CE0-497D5E32B893}"
EndProject
Project("{2150E333-8FDC-42A3-9474-1A3956D46DE8}") = "day4", "day4", "{9F368568-C6CA-442E-967E-D35022264B43}"
EndProject
Project("{2150E333-8FDC-42A3-9474-1A3956D46DE8}") = "day5", "day5", "{7D385E4D-67C5-4716-AB40-1C0B64EDFF65}"
EndProject
Project("{9A19103F-16F7-4668-BE54-9A1E7A4F7556}") = "day03-1", "day3\day03-1\day03-1.csproj", "{BB578EA7-2555-403C-AA27-ED353404D1C7}"
EndProject
Project("{9A19103F-16F7-4668-BE54-9A1E7A4F7556}") = "day03-2", "day3\day03-2\day03-2.csproj", "{867362F6-D4AA-4B79-ADB8-A854F9800CC5}"
EndProject
Project("{9A19103F-16F7-4668-BE54-9A1E7A4F7556}") = "day04-1", "day4\day04-1\day04-1.csproj", "{F0B0E066-2C9F-4914-A4B3-5479888BB25B}"
EndProject
Project("{9A19103F-16F7-4668-BE54-9A1E7A4F7556}") = "day04-2", "day4\day04-2\day04-2.csproj", "{BAB53155-A117-47E1-9E28-BEE2907C150F}"
EndProject
Project("{9A19103F-16F7-4668-BE54-9A1E7A4F7556}") = "day05-1", "day5\day05-1\day05-1.csproj", "{A88415F2-9A91-4BE0-84F0-946A6A3806B2}"
EndProject
Project("{9A19103F-16F7-4668-BE54-9A1E7A4F7556}") = "day05-2", "day5\day05-2\day05-2.csproj", "{35494244-6B29-4796-B4A1-763B2B93062A}"
EndProject
Project("{2150E333-8FDC-42A3-9474-1A3956D46DE8}") = "day6", "day6", "{EF27D486-D964-432F-B436-13B06D56E0F4}"
EndProject
Project("{9A19103F-16F7-4668-BE54-9A1E7A4F7556}") = "day06-1", "day6\day06-1\day06-1.csproj", "{6EC3DC73-8B58-4A65-AFB7-ECCD31723896}"
EndProject
Project("{9A19103F-16F7-4668-BE54-9A1E7A4F7556}") = "day06-2", "day6\day06-2\day06-2.csproj", "{BDEC030A-22B7-4C28-93D8-5FD6AC299E67}"
EndProject
Project("{2150E333-8FDC-42A3-9474-1A3956D46DE8}") = "day7", "day7", "{A0BEB368-9788-4692-A2C2-801922ED9A1E}"
EndProject
Project("{9A19103F-16F7-4668-BE54-9A1E7A4F7556}") = "day07-1", "day7\day07-1\day07-1.csproj", "{9664F74C-EEF5-41F9-913C-A72BA661357D}"
EndProject
Project("{9A19103F-16F7-4668-BE54-9A1E7A4F7556}") = "day07-2", "day7\day07-2\day07-2.csproj", "{9885E38B-A241-4880-A1DC-244193FB9ECA}"
EndProject
Project("{2150E333-8FDC-42A3-9474-1A3956D46DE8}") = "day8", "day8", "{135295F0-4EE5-4071-95AD-5584A3074BA6}"
EndProject
Project("{9A19103F-16F7-4668-BE54-9A1E7A4F7556}") = "day08-1", "day8\day08-1\day08-1.csproj", "{B4C26EC4-44D1-4FD6-9071-C1F724C8E781}"
EndProject
Project("{9A19103F-16F7-4668-BE54-9A1E7A4F7556}") = "day08-2", "day8\day08-2\day08-2.csproj", "{F0A29059-BBDD-4435-A67C-CEFB26E82027}"
EndProject
Project("{2150E333-8FDC-42A3-9474-1A3956D46DE8}") = "day9", "day9", "{5C596D08-839A-4FF4-B615-A5D3B049AF9F}"
EndProject
Project("{9A19103F-16F7-4668-BE54-9A1E7A4F7556}") = "day09-1", "day9\day09-1\day09-1.csproj", "{B7DF8E8D-D4D1-4BAF-9689-2E0FD3E34842}"
EndProject
Project("{9A19103F-16F7-4668-BE54-9A1E7A4F7556}") = "day09-2", "day9\day09-2\day09-2.csproj", "{635E0259-6EEC-4600-8462-1E99599DAE39}"
EndProject
Project("{2150E333-8FDC-42A3-9474-1A3956D46DE8}") = "day10", "day10", "{1FA6C18E-BD4C-4836-AF99-E042D9A86AE4}"
EndProject
Project("{9A19103F-16F7-4668-BE54-9A1E7A4F7556}") = "day10-1", "day10\day10-1\day10-1.csproj", "{F7BC77E7-539D-4675-8EA9-86C12B963CD0}"
EndProject
Project("{9A19103F-16F7-4668-BE54-9A1E7A4F7556}") = "day10-2", "day10\day10-2\day10-2.csproj", "{7F2ECC65-48E3-4654-B8C3-768E8A4544CF}"
EndProject
Project("{2150E333-8FDC-42A3-9474-1A3956D46DE8}") = "day11", "day11", "{9F6F398A-F161-43C2-A8D5-A74AE4F5EEB2}"
EndProject
Project("{9A19103F-16F7-4668-BE54-9A1E7A4F7556}") = "day11-1", "day11\day11-1\day11-1.csproj", "{794DD863-5158-4A70-9346-8CC3B743F798}"
EndProject
Project("{9A19103F-16F7-4668-BE54-9A1E7A4F7556}") = "day11-2", "day11\day11-2\day11-2.csproj", "{E2FC9567-FA4A-4099-8E6D-0CA85F65D053}"
EndProject
Project("{2150E333-8FDC-42A3-9474-1A3956D46DE8}") = "day20", "day20", "{173AA2CF-D0D8-416D-8582-ABB82C968223}"
EndProject
Project("{9A19103F-16F7-4668-BE54-9A1E7A4F7556}") = "day20-1", "day20\day20-1\day20-1.csproj", "{8A67E65A-DF07-43E7-9893-A4E1E66E2C19}"
EndProject
Project("{9A19103F-16F7-4668-BE54-9A1E7A4F7556}") = "day20-2", "day20\day20-2\day20-2.csproj", "{DCF1B5C8-CBAD-4190-B9DF-218355DACB1D}"
EndProject
Project("{2150E333-8FDC-42A3-9474-1A3956D46DE8}") = "day12", "day12", "{CF166019-6A15-4572-B017-67E4DFC615C1}"
EndProject
Project("{9A19103F-16F7-4668-BE54-9A1E7A4F7556}") = "day12-1", "day12\day12-1\day12-1.csproj", "{AD640308-28D4-4561-9C70-176AF7650E62}"
EndProject
Project("{9A19103F-16F7-4668-BE54-9A1E7A4F7556}") = "day12-2", "day12\day12-2\day12-2.csproj", "{8497AEC4-AC12-4E97-B554-F0894234F1B9}"
EndProject
Project("{2150E333-8FDC-42A3-9474-1A3956D46DE8}") = "day13", "day13", "{022AEA0D-BB02-468A-AF4D-D760C2CD1A4E}"
EndProject
Project("{9A19103F-16F7-4668-BE54-9A1E7A4F7556}") = "day13-1", "day13\day13-1\day13-1.csproj", "{382C2CF3-6AAD-4F86-B8D5-E551BA92DE4C}"
EndProject
Project("{9A19103F-16F7-4668-BE54-9A1E7A4F7556}") = "day13-2", "day13\day13-2\day13-2.csproj", "{226B2422-F4F0-468A-A72B-76BE12188277}"
EndProject
Project("{2150E333-8FDC-42A3-9474-1A3956D46DE8}") = "day14", "day14", "{FC0B275B-ED63-4932-AB0C-658D8B55E1BC}"
EndProject
Project("{9A19103F-16F7-4668-BE54-9A1E7A4F7556}") = "day14-1", "day14\day14-1\day14-1.csproj", "{0245093D-F5C9-4052-B761-96ACF05E3E12}"
EndProject
Project("{9A19103F-16F7-4668-BE54-9A1E7A4F7556}") = "day14-2", "day14\day14-2\day14-2.csproj", "{D8E1C327-3A72-4BC8-A928-92048F94E1CD}"
EndProject
Project("{2150E333-8FDC-42A3-9474-1A3956D46DE8}") = "day21", "day21", "{93DFDEA1-E946-4ED9-A935-6E1E80F0A212}"
EndProject
Project("{FAE04EC0-301F-11D3-BF4B-00C04F79EFBC}") = "day21-1", "day21\day21-1\day21-1.csproj", "{EE4E96E5-797D-4129-BA4D-378047A2CE35}"
EndProject
Project("{FAE04EC0-301F-11D3-BF4B-00C04F79EFBC}") = "day21-2", "day21\day21-2\day21-2.csproj", "{417520D7-B314-43F3-9EEE-F0126E6FABE7}"
EndProject
Global
	GlobalSection(SolutionConfigurationPlatforms) = preSolution
		Debug|Any CPU = Debug|Any CPU
		Release|Any CPU = Release|Any CPU
	EndGlobalSection
	GlobalSection(ProjectConfigurationPlatforms) = postSolution
		{772184C9-F747-4CA6-9355-73D96F75B1F5}.Debug|Any CPU.ActiveCfg = Debug|Any CPU
		{772184C9-F747-4CA6-9355-73D96F75B1F5}.Debug|Any CPU.Build.0 = Debug|Any CPU
		{772184C9-F747-4CA6-9355-73D96F75B1F5}.Release|Any CPU.ActiveCfg = Release|Any CPU
		{772184C9-F747-4CA6-9355-73D96F75B1F5}.Release|Any CPU.Build.0 = Release|Any CPU
		{0FF185C7-5AF3-4483-8C7A-DD1C7833C623}.Debug|Any CPU.ActiveCfg = Debug|Any CPU
		{0FF185C7-5AF3-4483-8C7A-DD1C7833C623}.Debug|Any CPU.Build.0 = Debug|Any CPU
		{0FF185C7-5AF3-4483-8C7A-DD1C7833C623}.Release|Any CPU.ActiveCfg = Release|Any CPU
		{0FF185C7-5AF3-4483-8C7A-DD1C7833C623}.Release|Any CPU.Build.0 = Release|Any CPU
		{E7BD0569-266E-4933-A3DC-ED40CA4F19B3}.Debug|Any CPU.ActiveCfg = Debug|Any CPU
		{E7BD0569-266E-4933-A3DC-ED40CA4F19B3}.Debug|Any CPU.Build.0 = Debug|Any CPU
		{E7BD0569-266E-4933-A3DC-ED40CA4F19B3}.Release|Any CPU.ActiveCfg = Release|Any CPU
		{E7BD0569-266E-4933-A3DC-ED40CA4F19B3}.Release|Any CPU.Build.0 = Release|Any CPU
		{9F81F8C8-C835-4A01-BB9E-BA84D98FF4EB}.Debug|Any CPU.ActiveCfg = Debug|Any CPU
		{9F81F8C8-C835-4A01-BB9E-BA84D98FF4EB}.Debug|Any CPU.Build.0 = Debug|Any CPU
		{9F81F8C8-C835-4A01-BB9E-BA84D98FF4EB}.Release|Any CPU.ActiveCfg = Release|Any CPU
		{9F81F8C8-C835-4A01-BB9E-BA84D98FF4EB}.Release|Any CPU.Build.0 = Release|Any CPU
		{BB578EA7-2555-403C-AA27-ED353404D1C7}.Debug|Any CPU.ActiveCfg = Debug|Any CPU
		{BB578EA7-2555-403C-AA27-ED353404D1C7}.Debug|Any CPU.Build.0 = Debug|Any CPU
		{BB578EA7-2555-403C-AA27-ED353404D1C7}.Release|Any CPU.ActiveCfg = Release|Any CPU
		{BB578EA7-2555-403C-AA27-ED353404D1C7}.Release|Any CPU.Build.0 = Release|Any CPU
		{867362F6-D4AA-4B79-ADB8-A854F9800CC5}.Debug|Any CPU.ActiveCfg = Debug|Any CPU
		{867362F6-D4AA-4B79-ADB8-A854F9800CC5}.Debug|Any CPU.Build.0 = Debug|Any CPU
		{867362F6-D4AA-4B79-ADB8-A854F9800CC5}.Release|Any CPU.ActiveCfg = Release|Any CPU
		{867362F6-D4AA-4B79-ADB8-A854F9800CC5}.Release|Any CPU.Build.0 = Release|Any CPU
		{F0B0E066-2C9F-4914-A4B3-5479888BB25B}.Debug|Any CPU.ActiveCfg = Debug|Any CPU
		{F0B0E066-2C9F-4914-A4B3-5479888BB25B}.Debug|Any CPU.Build.0 = Debug|Any CPU
		{F0B0E066-2C9F-4914-A4B3-5479888BB25B}.Release|Any CPU.ActiveCfg = Release|Any CPU
		{F0B0E066-2C9F-4914-A4B3-5479888BB25B}.Release|Any CPU.Build.0 = Release|Any CPU
		{BAB53155-A117-47E1-9E28-BEE2907C150F}.Debug|Any CPU.ActiveCfg = Debug|Any CPU
		{BAB53155-A117-47E1-9E28-BEE2907C150F}.Debug|Any CPU.Build.0 = Debug|Any CPU
		{BAB53155-A117-47E1-9E28-BEE2907C150F}.Release|Any CPU.ActiveCfg = Release|Any CPU
		{BAB53155-A117-47E1-9E28-BEE2907C150F}.Release|Any CPU.Build.0 = Release|Any CPU
		{A88415F2-9A91-4BE0-84F0-946A6A3806B2}.Debug|Any CPU.ActiveCfg = Debug|Any CPU
		{A88415F2-9A91-4BE0-84F0-946A6A3806B2}.Debug|Any CPU.Build.0 = Debug|Any CPU
		{A88415F2-9A91-4BE0-84F0-946A6A3806B2}.Release|Any CPU.ActiveCfg = Release|Any CPU
		{A88415F2-9A91-4BE0-84F0-946A6A3806B2}.Release|Any CPU.Build.0 = Release|Any CPU
		{35494244-6B29-4796-B4A1-763B2B93062A}.Debug|Any CPU.ActiveCfg = Debug|Any CPU
		{35494244-6B29-4796-B4A1-763B2B93062A}.Debug|Any CPU.Build.0 = Debug|Any CPU
		{35494244-6B29-4796-B4A1-763B2B93062A}.Release|Any CPU.ActiveCfg = Release|Any CPU
		{35494244-6B29-4796-B4A1-763B2B93062A}.Release|Any CPU.Build.0 = Release|Any CPU
		{6EC3DC73-8B58-4A65-AFB7-ECCD31723896}.Debug|Any CPU.ActiveCfg = Debug|Any CPU
		{6EC3DC73-8B58-4A65-AFB7-ECCD31723896}.Debug|Any CPU.Build.0 = Debug|Any CPU
		{6EC3DC73-8B58-4A65-AFB7-ECCD31723896}.Release|Any CPU.ActiveCfg = Release|Any CPU
		{6EC3DC73-8B58-4A65-AFB7-ECCD31723896}.Release|Any CPU.Build.0 = Release|Any CPU
		{BDEC030A-22B7-4C28-93D8-5FD6AC299E67}.Debug|Any CPU.ActiveCfg = Debug|Any CPU
		{BDEC030A-22B7-4C28-93D8-5FD6AC299E67}.Debug|Any CPU.Build.0 = Debug|Any CPU
		{BDEC030A-22B7-4C28-93D8-5FD6AC299E67}.Release|Any CPU.ActiveCfg = Release|Any CPU
		{BDEC030A-22B7-4C28-93D8-5FD6AC299E67}.Release|Any CPU.Build.0 = Release|Any CPU
		{9664F74C-EEF5-41F9-913C-A72BA661357D}.Debug|Any CPU.ActiveCfg = Debug|Any CPU
		{9664F74C-EEF5-41F9-913C-A72BA661357D}.Debug|Any CPU.Build.0 = Debug|Any CPU
		{9664F74C-EEF5-41F9-913C-A72BA661357D}.Release|Any CPU.ActiveCfg = Release|Any CPU
		{9664F74C-EEF5-41F9-913C-A72BA661357D}.Release|Any CPU.Build.0 = Release|Any CPU
		{9885E38B-A241-4880-A1DC-244193FB9ECA}.Debug|Any CPU.ActiveCfg = Debug|Any CPU
		{9885E38B-A241-4880-A1DC-244193FB9ECA}.Debug|Any CPU.Build.0 = Debug|Any CPU
		{9885E38B-A241-4880-A1DC-244193FB9ECA}.Release|Any CPU.ActiveCfg = Release|Any CPU
		{9885E38B-A241-4880-A1DC-244193FB9ECA}.Release|Any CPU.Build.0 = Release|Any CPU
		{B4C26EC4-44D1-4FD6-9071-C1F724C8E781}.Debug|Any CPU.ActiveCfg = Debug|Any CPU
		{B4C26EC4-44D1-4FD6-9071-C1F724C8E781}.Debug|Any CPU.Build.0 = Debug|Any CPU
		{B4C26EC4-44D1-4FD6-9071-C1F724C8E781}.Release|Any CPU.ActiveCfg = Release|Any CPU
		{B4C26EC4-44D1-4FD6-9071-C1F724C8E781}.Release|Any CPU.Build.0 = Release|Any CPU
		{F0A29059-BBDD-4435-A67C-CEFB26E82027}.Debug|Any CPU.ActiveCfg = Debug|Any CPU
		{F0A29059-BBDD-4435-A67C-CEFB26E82027}.Debug|Any CPU.Build.0 = Debug|Any CPU
		{F0A29059-BBDD-4435-A67C-CEFB26E82027}.Release|Any CPU.ActiveCfg = Release|Any CPU
		{F0A29059-BBDD-4435-A67C-CEFB26E82027}.Release|Any CPU.Build.0 = Release|Any CPU
		{B7DF8E8D-D4D1-4BAF-9689-2E0FD3E34842}.Debug|Any CPU.ActiveCfg = Debug|Any CPU
		{B7DF8E8D-D4D1-4BAF-9689-2E0FD3E34842}.Debug|Any CPU.Build.0 = Debug|Any CPU
		{B7DF8E8D-D4D1-4BAF-9689-2E0FD3E34842}.Release|Any CPU.ActiveCfg = Release|Any CPU
		{B7DF8E8D-D4D1-4BAF-9689-2E0FD3E34842}.Release|Any CPU.Build.0 = Release|Any CPU
		{635E0259-6EEC-4600-8462-1E99599DAE39}.Debug|Any CPU.ActiveCfg = Debug|Any CPU
		{635E0259-6EEC-4600-8462-1E99599DAE39}.Debug|Any CPU.Build.0 = Debug|Any CPU
		{635E0259-6EEC-4600-8462-1E99599DAE39}.Release|Any CPU.ActiveCfg = Release|Any CPU
		{635E0259-6EEC-4600-8462-1E99599DAE39}.Release|Any CPU.Build.0 = Release|Any CPU
		{F7BC77E7-539D-4675-8EA9-86C12B963CD0}.Debug|Any CPU.ActiveCfg = Debug|Any CPU
		{F7BC77E7-539D-4675-8EA9-86C12B963CD0}.Debug|Any CPU.Build.0 = Debug|Any CPU
		{F7BC77E7-539D-4675-8EA9-86C12B963CD0}.Release|Any CPU.ActiveCfg = Release|Any CPU
		{F7BC77E7-539D-4675-8EA9-86C12B963CD0}.Release|Any CPU.Build.0 = Release|Any CPU
		{7F2ECC65-48E3-4654-B8C3-768E8A4544CF}.Debug|Any CPU.ActiveCfg = Debug|Any CPU
		{7F2ECC65-48E3-4654-B8C3-768E8A4544CF}.Debug|Any CPU.Build.0 = Debug|Any CPU
		{7F2ECC65-48E3-4654-B8C3-768E8A4544CF}.Release|Any CPU.ActiveCfg = Release|Any CPU
		{7F2ECC65-48E3-4654-B8C3-768E8A4544CF}.Release|Any CPU.Build.0 = Release|Any CPU
		{794DD863-5158-4A70-9346-8CC3B743F798}.Debug|Any CPU.ActiveCfg = Debug|Any CPU
		{794DD863-5158-4A70-9346-8CC3B743F798}.Debug|Any CPU.Build.0 = Debug|Any CPU
		{794DD863-5158-4A70-9346-8CC3B743F798}.Release|Any CPU.ActiveCfg = Release|Any CPU
		{794DD863-5158-4A70-9346-8CC3B743F798}.Release|Any CPU.Build.0 = Release|Any CPU
		{E2FC9567-FA4A-4099-8E6D-0CA85F65D053}.Debug|Any CPU.ActiveCfg = Debug|Any CPU
		{E2FC9567-FA4A-4099-8E6D-0CA85F65D053}.Debug|Any CPU.Build.0 = Debug|Any CPU
		{E2FC9567-FA4A-4099-8E6D-0CA85F65D053}.Release|Any CPU.ActiveCfg = Release|Any CPU
		{E2FC9567-FA4A-4099-8E6D-0CA85F65D053}.Release|Any CPU.Build.0 = Release|Any CPU
		{8A67E65A-DF07-43E7-9893-A4E1E66E2C19}.Debug|Any CPU.ActiveCfg = Debug|Any CPU
		{8A67E65A-DF07-43E7-9893-A4E1E66E2C19}.Debug|Any CPU.Build.0 = Debug|Any CPU
		{8A67E65A-DF07-43E7-9893-A4E1E66E2C19}.Release|Any CPU.ActiveCfg = Release|Any CPU
		{8A67E65A-DF07-43E7-9893-A4E1E66E2C19}.Release|Any CPU.Build.0 = Release|Any CPU
		{DCF1B5C8-CBAD-4190-B9DF-218355DACB1D}.Debug|Any CPU.ActiveCfg = Debug|Any CPU
		{DCF1B5C8-CBAD-4190-B9DF-218355DACB1D}.Debug|Any CPU.Build.0 = Debug|Any CPU
		{DCF1B5C8-CBAD-4190-B9DF-218355DACB1D}.Release|Any CPU.ActiveCfg = Release|Any CPU
		{DCF1B5C8-CBAD-4190-B9DF-218355DACB1D}.Release|Any CPU.Build.0 = Release|Any CPU
		{AD640308-28D4-4561-9C70-176AF7650E62}.Debug|Any CPU.ActiveCfg = Debug|Any CPU
		{AD640308-28D4-4561-9C70-176AF7650E62}.Debug|Any CPU.Build.0 = Debug|Any CPU
		{AD640308-28D4-4561-9C70-176AF7650E62}.Release|Any CPU.ActiveCfg = Release|Any CPU
		{AD640308-28D4-4561-9C70-176AF7650E62}.Release|Any CPU.Build.0 = Release|Any CPU
		{8497AEC4-AC12-4E97-B554-F0894234F1B9}.Debug|Any CPU.ActiveCfg = Debug|Any CPU
		{8497AEC4-AC12-4E97-B554-F0894234F1B9}.Debug|Any CPU.Build.0 = Debug|Any CPU
		{8497AEC4-AC12-4E97-B554-F0894234F1B9}.Release|Any CPU.ActiveCfg = Release|Any CPU
		{8497AEC4-AC12-4E97-B554-F0894234F1B9}.Release|Any CPU.Build.0 = Release|Any CPU
		{382C2CF3-6AAD-4F86-B8D5-E551BA92DE4C}.Debug|Any CPU.ActiveCfg = Debug|Any CPU
		{382C2CF3-6AAD-4F86-B8D5-E551BA92DE4C}.Debug|Any CPU.Build.0 = Debug|Any CPU
		{382C2CF3-6AAD-4F86-B8D5-E551BA92DE4C}.Release|Any CPU.ActiveCfg = Release|Any CPU
		{382C2CF3-6AAD-4F86-B8D5-E551BA92DE4C}.Release|Any CPU.Build.0 = Release|Any CPU
		{226B2422-F4F0-468A-A72B-76BE12188277}.Debug|Any CPU.ActiveCfg = Debug|Any CPU
		{226B2422-F4F0-468A-A72B-76BE12188277}.Debug|Any CPU.Build.0 = Debug|Any CPU
		{226B2422-F4F0-468A-A72B-76BE12188277}.Release|Any CPU.ActiveCfg = Release|Any CPU
		{226B2422-F4F0-468A-A72B-76BE12188277}.Release|Any CPU.Build.0 = Release|Any CPU
		{0245093D-F5C9-4052-B761-96ACF05E3E12}.Debug|Any CPU.ActiveCfg = Debug|Any CPU
		{0245093D-F5C9-4052-B761-96ACF05E3E12}.Debug|Any CPU.Build.0 = Debug|Any CPU
		{0245093D-F5C9-4052-B761-96ACF05E3E12}.Release|Any CPU.ActiveCfg = Release|Any CPU
		{0245093D-F5C9-4052-B761-96ACF05E3E12}.Release|Any CPU.Build.0 = Release|Any CPU
		{D8E1C327-3A72-4BC8-A928-92048F94E1CD}.Debug|Any CPU.ActiveCfg = Debug|Any CPU
		{D8E1C327-3A72-4BC8-A928-92048F94E1CD}.Debug|Any CPU.Build.0 = Debug|Any CPU
		{D8E1C327-3A72-4BC8-A928-92048F94E1CD}.Release|Any CPU.ActiveCfg = Release|Any CPU
		{D8E1C327-3A72-4BC8-A928-92048F94E1CD}.Release|Any CPU.Build.0 = Release|Any CPU
		{EE4E96E5-797D-4129-BA4D-378047A2CE35}.Debug|Any CPU.ActiveCfg = Debug|Any CPU
		{EE4E96E5-797D-4129-BA4D-378047A2CE35}.Debug|Any CPU.Build.0 = Debug|Any CPU
		{EE4E96E5-797D-4129-BA4D-378047A2CE35}.Release|Any CPU.ActiveCfg = Release|Any CPU
		{EE4E96E5-797D-4129-BA4D-378047A2CE35}.Release|Any CPU.Build.0 = Release|Any CPU
		{417520D7-B314-43F3-9EEE-F0126E6FABE7}.Debug|Any CPU.ActiveCfg = Debug|Any CPU
		{417520D7-B314-43F3-9EEE-F0126E6FABE7}.Debug|Any CPU.Build.0 = Debug|Any CPU
		{417520D7-B314-43F3-9EEE-F0126E6FABE7}.Release|Any CPU.ActiveCfg = Release|Any CPU
		{417520D7-B314-43F3-9EEE-F0126E6FABE7}.Release|Any CPU.Build.0 = Release|Any CPU
	EndGlobalSection
	GlobalSection(SolutionProperties) = preSolution
		HideSolutionNode = FALSE
	EndGlobalSection
	GlobalSection(NestedProjects) = preSolution
		{772184C9-F747-4CA6-9355-73D96F75B1F5} = {02D0A037-B0ED-41E6-8A9A-FF060A18EAB3}
		{0FF185C7-5AF3-4483-8C7A-DD1C7833C623} = {02D0A037-B0ED-41E6-8A9A-FF060A18EAB3}
		{E7BD0569-266E-4933-A3DC-ED40CA4F19B3} = {7D60CDEE-7528-4292-ABC4-462FE2B36483}
		{9F81F8C8-C835-4A01-BB9E-BA84D98FF4EB} = {7D60CDEE-7528-4292-ABC4-462FE2B36483}
		{BB578EA7-2555-403C-AA27-ED353404D1C7} = {E46F3DB4-FDC8-46AE-8CE0-497D5E32B893}
		{867362F6-D4AA-4B79-ADB8-A854F9800CC5} = {E46F3DB4-FDC8-46AE-8CE0-497D5E32B893}
		{F0B0E066-2C9F-4914-A4B3-5479888BB25B} = {9F368568-C6CA-442E-967E-D35022264B43}
		{BAB53155-A117-47E1-9E28-BEE2907C150F} = {9F368568-C6CA-442E-967E-D35022264B43}
		{A88415F2-9A91-4BE0-84F0-946A6A3806B2} = {7D385E4D-67C5-4716-AB40-1C0B64EDFF65}
		{35494244-6B29-4796-B4A1-763B2B93062A} = {7D385E4D-67C5-4716-AB40-1C0B64EDFF65}
		{6EC3DC73-8B58-4A65-AFB7-ECCD31723896} = {EF27D486-D964-432F-B436-13B06D56E0F4}
		{BDEC030A-22B7-4C28-93D8-5FD6AC299E67} = {EF27D486-D964-432F-B436-13B06D56E0F4}
		{9664F74C-EEF5-41F9-913C-A72BA661357D} = {A0BEB368-9788-4692-A2C2-801922ED9A1E}
		{9885E38B-A241-4880-A1DC-244193FB9ECA} = {A0BEB368-9788-4692-A2C2-801922ED9A1E}
		{B4C26EC4-44D1-4FD6-9071-C1F724C8E781} = {135295F0-4EE5-4071-95AD-5584A3074BA6}
		{F0A29059-BBDD-4435-A67C-CEFB26E82027} = {135295F0-4EE5-4071-95AD-5584A3074BA6}
		{B7DF8E8D-D4D1-4BAF-9689-2E0FD3E34842} = {5C596D08-839A-4FF4-B615-A5D3B049AF9F}
		{635E0259-6EEC-4600-8462-1E99599DAE39} = {5C596D08-839A-4FF4-B615-A5D3B049AF9F}
		{F7BC77E7-539D-4675-8EA9-86C12B963CD0} = {1FA6C18E-BD4C-4836-AF99-E042D9A86AE4}
		{7F2ECC65-48E3-4654-B8C3-768E8A4544CF} = {1FA6C18E-BD4C-4836-AF99-E042D9A86AE4}
		{794DD863-5158-4A70-9346-8CC3B743F798} = {9F6F398A-F161-43C2-A8D5-A74AE4F5EEB2}
		{E2FC9567-FA4A-4099-8E6D-0CA85F65D053} = {9F6F398A-F161-43C2-A8D5-A74AE4F5EEB2}
		{8A67E65A-DF07-43E7-9893-A4E1E66E2C19} = {173AA2CF-D0D8-416D-8582-ABB82C968223}
		{DCF1B5C8-CBAD-4190-B9DF-218355DACB1D} = {173AA2CF-D0D8-416D-8582-ABB82C968223}
		{AD640308-28D4-4561-9C70-176AF7650E62} = {CF166019-6A15-4572-B017-67E4DFC615C1}
		{8497AEC4-AC12-4E97-B554-F0894234F1B9} = {CF166019-6A15-4572-B017-67E4DFC615C1}
		{382C2CF3-6AAD-4F86-B8D5-E551BA92DE4C} = {022AEA0D-BB02-468A-AF4D-D760C2CD1A4E}
		{226B2422-F4F0-468A-A72B-76BE12188277} = {022AEA0D-BB02-468A-AF4D-D760C2CD1A4E}
		{0245093D-F5C9-4052-B761-96ACF05E3E12} = {FC0B275B-ED63-4932-AB0C-658D8B55E1BC}
		{D8E1C327-3A72-4BC8-A928-92048F94E1CD} = {FC0B275B-ED63-4932-AB0C-658D8B55E1BC}
		{EE4E96E5-797D-4129-BA4D-378047A2CE35} = {93DFDEA1-E946-4ED9-A935-6E1E80F0A212}
		{417520D7-B314-43F3-9EEE-F0126E6FABE7} = {93DFDEA1-E946-4ED9-A935-6E1E80F0A212}
	EndGlobalSection
	GlobalSection(ExtensibilityGlobals) = postSolution
		SolutionGuid = {4AA6E046-F567-4AA0-811C-1A4DBF38B7A6}
	EndGlobalSection
EndGlobal
